// !$*UTF8*$!
{
	archiveVersion = 1;
	classes = {
	};
	objectVersion = 55;
	objects = {

/* Begin PBXBuildFile section */
		200EFACA2C59A22A00DD7EC9 /* RegisterViewController.swift in Sources */ = {isa = PBXBuildFile; fileRef = 200EFAC92C59A22A00DD7EC9 /* RegisterViewController.swift */; };
		200EFACC2C59A6BB00DD7EC9 /* LoginViewController.swift in Sources */ = {isa = PBXBuildFile; fileRef = 200EFACB2C59A6BB00DD7EC9 /* LoginViewController.swift */; };
		200EFACE2C59AC8200DD7EC9 /* HomeViewController.swift in Sources */ = {isa = PBXBuildFile; fileRef = 200EFACD2C59AC8200DD7EC9 /* HomeViewController.swift */; };
		200EFAD42C59B0AB00DD7EC9 /* Transaction.swift in Sources */ = {isa = PBXBuildFile; fileRef = 200EFAD32C59B0AB00DD7EC9 /* Transaction.swift */; };
		204643922C5C2A1F00204DE6 /* FavoriteTableViewCell.swift in Sources */ = {isa = PBXBuildFile; fileRef = 204643912C5C2A1F00204DE6 /* FavoriteTableViewCell.swift */; };
		204643942C5C2A3B00204DE6 /* FavoritesViewController.swift in Sources */ = {isa = PBXBuildFile; fileRef = 204643932C5C2A3B00204DE6 /* FavoritesViewController.swift */; };
		206674182C5C0AC80070C5DD /* transferViewController.swift in Sources */ = {isa = PBXBuildFile; fileRef = 206674172C5C0AC80070C5DD /* transferViewController.swift */; };
		2066741A2C5C0C5B0070C5DD /* Borderders.swift in Sources */ = {isa = PBXBuildFile; fileRef = 206674192C5C0C5B0070C5DD /* Borderders.swift */; };
		206CFFC22C59951E004209C5 /* AppDelegate.swift in Sources */ = {isa = PBXBuildFile; fileRef = 206CFFC12C59951E004209C5 /* AppDelegate.swift */; };
		206CFFC42C59951E004209C5 /* SceneDelegate.swift in Sources */ = {isa = PBXBuildFile; fileRef = 206CFFC32C59951E004209C5 /* SceneDelegate.swift */; };
		206CFFC62C59951E004209C5 /* ViewController.swift in Sources */ = {isa = PBXBuildFile; fileRef = 206CFFC52C59951E004209C5 /* ViewController.swift */; };
		206CFFC92C59951E004209C5 /* Main.storyboard in Resources */ = {isa = PBXBuildFile; fileRef = 206CFFC72C59951E004209C5 /* Main.storyboard */; };
		206CFFCB2C599520004209C5 /* Assets.xcassets in Resources */ = {isa = PBXBuildFile; fileRef = 206CFFCA2C599520004209C5 /* Assets.xcassets */; };
		206CFFCE2C599520004209C5 /* LaunchScreen.storyboard in Resources */ = {isa = PBXBuildFile; fileRef = 206CFFCC2C599520004209C5 /* LaunchScreen.storyboard */; };
		206CFFDE2C5995E4004209C5 /* User.swift in Sources */ = {isa = PBXBuildFile; fileRef = 206CFFDD2C5995E4004209C5 /* User.swift */; };
		207AC2B02C5A83D300E4919C /* CompleteRegister.swift in Sources */ = {isa = PBXBuildFile; fileRef = 207AC2AF2C5A83D300E4919C /* CompleteRegister.swift */; };
		207E485F2C5AC0FA005932CD /* OptionTableViewCell.swift in Sources */ = {isa = PBXBuildFile; fileRef = 207E485E2C5AC0FA005932CD /* OptionTableViewCell.swift */; };
		207E48612C5AC12C005932CD /* OptionsViewController.swift in Sources */ = {isa = PBXBuildFile; fileRef = 207E48602C5AC12C005932CD /* OptionsViewController.swift */; };
		4D9C5420D2638E398484F560 /* Pods_MoneyTransferApp.framework in Frameworks */ = {isa = PBXBuildFile; fileRef = FE3BFB9910F73879765D83C4 /* Pods_MoneyTransferApp.framework */; };
		7C66FC5E2C5B9C1D00A70937 /* Constants.swift in Sources */ = {isa = PBXBuildFile; fileRef = 7C66FC5D2C5B9C1D00A70937 /* Constants.swift */; };
		7C66FC612C5BA07D00A70937 /* String+trimm.swift in Sources */ = {isa = PBXBuildFile; fileRef = 7C66FC602C5BA07D00A70937 /* String+trimm.swift */; };
		7C66FC632C5BA0E300A70937 /* UIViewController+Alert.swift in Sources */ = {isa = PBXBuildFile; fileRef = 7C66FC622C5BA0E300A70937 /* UIViewController+Alert.swift */; };
/* End PBXBuildFile section */

/* Begin PBXFileReference section */
		200EFAC92C59A22A00DD7EC9 /* RegisterViewController.swift */ = {isa = PBXFileReference; lastKnownFileType = sourcecode.swift; path = RegisterViewController.swift; sourceTree = "<group>"; };
		200EFACB2C59A6BB00DD7EC9 /* LoginViewController.swift */ = {isa = PBXFileReference; lastKnownFileType = sourcecode.swift; path = LoginViewController.swift; sourceTree = "<group>"; };
		200EFACD2C59AC8200DD7EC9 /* HomeViewController.swift */ = {isa = PBXFileReference; lastKnownFileType = sourcecode.swift; path = HomeViewController.swift; sourceTree = "<group>"; };
		200EFAD32C59B0AB00DD7EC9 /* Transaction.swift */ = {isa = PBXFileReference; lastKnownFileType = sourcecode.swift; path = Transaction.swift; sourceTree = "<group>"; };
		204643912C5C2A1F00204DE6 /* FavoriteTableViewCell.swift */ = {isa = PBXFileReference; lastKnownFileType = sourcecode.swift; path = FavoriteTableViewCell.swift; sourceTree = "<group>"; };
		204643932C5C2A3B00204DE6 /* FavoritesViewController.swift */ = {isa = PBXFileReference; lastKnownFileType = sourcecode.swift; path = FavoritesViewController.swift; sourceTree = "<group>"; };
		206674172C5C0AC80070C5DD /* transferViewController.swift */ = {isa = PBXFileReference; lastKnownFileType = sourcecode.swift; path = transferViewController.swift; sourceTree = "<group>"; };
		206674192C5C0C5B0070C5DD /* Borderders.swift */ = {isa = PBXFileReference; lastKnownFileType = sourcecode.swift; path = Borderders.swift; sourceTree = "<group>"; };
		206CFFBE2C59951E004209C5 /* MoneyTransferApp.app */ = {isa = PBXFileReference; explicitFileType = wrapper.application; includeInIndex = 0; path = MoneyTransferApp.app; sourceTree = BUILT_PRODUCTS_DIR; };
		206CFFC12C59951E004209C5 /* AppDelegate.swift */ = {isa = PBXFileReference; lastKnownFileType = sourcecode.swift; path = AppDelegate.swift; sourceTree = "<group>"; };
		206CFFC32C59951E004209C5 /* SceneDelegate.swift */ = {isa = PBXFileReference; lastKnownFileType = sourcecode.swift; path = SceneDelegate.swift; sourceTree = "<group>"; };
		206CFFC52C59951E004209C5 /* ViewController.swift */ = {isa = PBXFileReference; lastKnownFileType = sourcecode.swift; path = ViewController.swift; sourceTree = "<group>"; };
		206CFFC82C59951E004209C5 /* Base */ = {isa = PBXFileReference; lastKnownFileType = file.storyboard; name = Base; path = Base.lproj/Main.storyboard; sourceTree = "<group>"; };
		206CFFCA2C599520004209C5 /* Assets.xcassets */ = {isa = PBXFileReference; lastKnownFileType = folder.assetcatalog; path = Assets.xcassets; sourceTree = "<group>"; };
		206CFFCD2C599520004209C5 /* Base */ = {isa = PBXFileReference; lastKnownFileType = file.storyboard; name = Base; path = Base.lproj/LaunchScreen.storyboard; sourceTree = "<group>"; };
		206CFFCF2C599520004209C5 /* Info.plist */ = {isa = PBXFileReference; lastKnownFileType = text.plist.xml; path = Info.plist; sourceTree = "<group>"; };
		206CFFDD2C5995E4004209C5 /* User.swift */ = {isa = PBXFileReference; lastKnownFileType = sourcecode.swift; path = User.swift; sourceTree = "<group>"; };
		207AC2AF2C5A83D300E4919C /* CompleteRegister.swift */ = {isa = PBXFileReference; lastKnownFileType = sourcecode.swift; path = CompleteRegister.swift; sourceTree = "<group>"; };
		207E485E2C5AC0FA005932CD /* OptionTableViewCell.swift */ = {isa = PBXFileReference; lastKnownFileType = sourcecode.swift; path = OptionTableViewCell.swift; sourceTree = "<group>"; };
		207E48602C5AC12C005932CD /* OptionsViewController.swift */ = {isa = PBXFileReference; lastKnownFileType = sourcecode.swift; path = OptionsViewController.swift; sourceTree = "<group>"; };
		59DB13095C9A39EB645811DD /* Pods-MoneyTransferApp.debug.xcconfig */ = {isa = PBXFileReference; includeInIndex = 1; lastKnownFileType = text.xcconfig; name = "Pods-MoneyTransferApp.debug.xcconfig"; path = "Target Support Files/Pods-MoneyTransferApp/Pods-MoneyTransferApp.debug.xcconfig"; sourceTree = "<group>"; };
		7C66FC5D2C5B9C1D00A70937 /* Constants.swift */ = {isa = PBXFileReference; lastKnownFileType = sourcecode.swift; path = Constants.swift; sourceTree = "<group>"; };
		7C66FC602C5BA07D00A70937 /* String+trimm.swift */ = {isa = PBXFileReference; lastKnownFileType = sourcecode.swift; path = "String+trimm.swift"; sourceTree = "<group>"; };
		7C66FC622C5BA0E300A70937 /* UIViewController+Alert.swift */ = {isa = PBXFileReference; lastKnownFileType = sourcecode.swift; path = "UIViewController+Alert.swift"; sourceTree = "<group>"; };
		EAD3C1595026F15403159707 /* Pods-MoneyTransferApp.release.xcconfig */ = {isa = PBXFileReference; includeInIndex = 1; lastKnownFileType = text.xcconfig; name = "Pods-MoneyTransferApp.release.xcconfig"; path = "Target Support Files/Pods-MoneyTransferApp/Pods-MoneyTransferApp.release.xcconfig"; sourceTree = "<group>"; };
		FE3BFB9910F73879765D83C4 /* Pods_MoneyTransferApp.framework */ = {isa = PBXFileReference; explicitFileType = wrapper.framework; includeInIndex = 0; path = Pods_MoneyTransferApp.framework; sourceTree = BUILT_PRODUCTS_DIR; };
/* End PBXFileReference section */

/* Begin PBXFrameworksBuildPhase section */
		206CFFBB2C59951E004209C5 /* Frameworks */ = {
			isa = PBXFrameworksBuildPhase;
			buildActionMask = 2147483647;
			files = (
				4D9C5420D2638E398484F560 /* Pods_MoneyTransferApp.framework in Frameworks */,
			);
			runOnlyForDeploymentPostprocessing = 0;
		};
/* End PBXFrameworksBuildPhase section */

/* Begin PBXGroup section */
		206CFFB52C59951E004209C5 = {
			isa = PBXGroup;
			children = (
				206CFFC02C59951E004209C5 /* MoneyTransferApp */,
				206CFFBF2C59951E004209C5 /* Products */,
				72D75DBB98B9C264DE6D5792 /* Pods */,
				EA4852732DC88D05355BA868 /* Frameworks */,
			);
			sourceTree = "<group>";
		};
		206CFFBF2C59951E004209C5 /* Products */ = {
			isa = PBXGroup;
			children = (
				206CFFBE2C59951E004209C5 /* MoneyTransferApp.app */,
			);
			name = Products;
			sourceTree = "<group>";
		};
		206CFFC02C59951E004209C5 /* MoneyTransferApp */ = {
			isa = PBXGroup;
			children = (
				7C66FC5F2C5BA03900A70937 /* Extensions */,
				7C66FC5C2C5B9C0800A70937 /* Utils */,
				206CFFD82C599543004209C5 /* ViewControllers */,
				206CFFD62C599532004209C5 /* Models */,
				206CFFC12C59951E004209C5 /* AppDelegate.swift */,
				206CFFC32C59951E004209C5 /* SceneDelegate.swift */,
				206CFFC52C59951E004209C5 /* ViewController.swift */,
				206CFFC72C59951E004209C5 /* Main.storyboard */,
				206CFFCA2C599520004209C5 /* Assets.xcassets */,
				206CFFCC2C599520004209C5 /* LaunchScreen.storyboard */,
				206CFFCF2C599520004209C5 /* Info.plist */,
			);
			path = MoneyTransferApp;
			sourceTree = "<group>";
		};
		206CFFD62C599532004209C5 /* Models */ = {
			isa = PBXGroup;
			children = (
				206CFFDD2C5995E4004209C5 /* User.swift */,
				200EFAD32C59B0AB00DD7EC9 /* Transaction.swift */,
			);
			path = Models;
			sourceTree = "<group>";
		};
		206CFFD82C599543004209C5 /* ViewControllers */ = {
			isa = PBXGroup;
			children = (
				7C8175842C5D0C5200477F55 /* OptionFiled */,
				7C8175822C5CE03900477F55 /* Tabs */,
				7C8175812C5CD67D00477F55 /* Authentication */,
			);
			path = ViewControllers;
			sourceTree = "<group>";
		};
		72D75DBB98B9C264DE6D5792 /* Pods */ = {
			isa = PBXGroup;
			children = (
				59DB13095C9A39EB645811DD /* Pods-MoneyTransferApp.debug.xcconfig */,
				EAD3C1595026F15403159707 /* Pods-MoneyTransferApp.release.xcconfig */,
			);
			path = Pods;
			sourceTree = "<group>";
		};
		7C66FC5C2C5B9C0800A70937 /* Utils */ = {
			isa = PBXGroup;
			children = (
				7C66FC5D2C5B9C1D00A70937 /* Constants.swift */,
			);
			path = Utils;
			sourceTree = "<group>";
		};
		7C66FC5F2C5BA03900A70937 /* Extensions */ = {
			isa = PBXGroup;
			children = (
				7C66FC602C5BA07D00A70937 /* String+trimm.swift */,
				7C66FC622C5BA0E300A70937 /* UIViewController+Alert.swift */,
				206674192C5C0C5B0070C5DD /* Borderders.swift */,
			);
			path = Extensions;
			sourceTree = "<group>";
		};
		7C8175812C5CD67D00477F55 /* Authentication */ = {
			isa = PBXGroup;
			children = (
				200EFACB2C59A6BB00DD7EC9 /* LoginViewController.swift */,
				200EFAC92C59A22A00DD7EC9 /* RegisterViewController.swift */,
				207AC2AF2C5A83D300E4919C /* CompleteRegister.swift */,
			);
			path = Authentication;
			sourceTree = "<group>";
		};
		7C8175822C5CE03900477F55 /* Tabs */ = {
			isa = PBXGroup;
			children = (
				206674172C5C0AC80070C5DD /* transferViewController.swift */,
				200EFACD2C59AC8200DD7EC9 /* HomeViewController.swift */,
			);
			path = Tabs;
			sourceTree = "<group>";
		};
		7C8175832C5D088000477F55 /* CountrySheet */ = {
			isa = PBXGroup;
			children = (
				207E485E2C5AC0FA005932CD /* OptionTableViewCell.swift */,
				207E48602C5AC12C005932CD /* OptionsViewController.swift */,
			);
			path = CountrySheet;
			sourceTree = "<group>";
		};
		7C8175842C5D0C5200477F55 /* OptionFiled */ = {
			isa = PBXGroup;
			children = (
				7C8175852C5D0C9B00477F55 /* FavSheet */,
				7C8175832C5D088000477F55 /* CountrySheet */,
			);
			path = OptionFiled;
			sourceTree = "<group>";
		};
		7C8175852C5D0C9B00477F55 /* FavSheet */ = {
			isa = PBXGroup;
			children = (
				204643932C5C2A3B00204DE6 /* FavoritesViewController.swift */,
				204643912C5C2A1F00204DE6 /* FavoriteTableViewCell.swift */,
			);
			path = FavSheet;
			sourceTree = "<group>";
		};
		EA4852732DC88D05355BA868 /* Frameworks */ = {
			isa = PBXGroup;
			children = (
				FE3BFB9910F73879765D83C4 /* Pods_MoneyTransferApp.framework */,
			);
			name = Frameworks;
			sourceTree = "<group>";
		};
/* End PBXGroup section */

/* Begin PBXNativeTarget section */
		206CFFBD2C59951E004209C5 /* MoneyTransferApp */ = {
			isa = PBXNativeTarget;
			buildConfigurationList = 206CFFD22C599520004209C5 /* Build configuration list for PBXNativeTarget "MoneyTransferApp" */;
			buildPhases = (
				67CD0582A1020DF511F0F542 /* [CP] Check Pods Manifest.lock */,
				206CFFBA2C59951E004209C5 /* Sources */,
				206CFFBB2C59951E004209C5 /* Frameworks */,
				206CFFBC2C59951E004209C5 /* Resources */,
				FDB36E7450B6390497150154 /* [CP] Embed Pods Frameworks */,
			);
			buildRules = (
			);
			dependencies = (
			);
			name = MoneyTransferApp;
			productName = MoneyTransferApp;
			productReference = 206CFFBE2C59951E004209C5 /* MoneyTransferApp.app */;
			productType = "com.apple.product-type.application";
		};
/* End PBXNativeTarget section */

/* Begin PBXProject section */
		206CFFB62C59951E004209C5 /* Project object */ = {
			isa = PBXProject;
			attributes = {
				BuildIndependentTargetsInParallel = 1;
				LastSwiftUpdateCheck = 1500;
				LastUpgradeCheck = 1500;
				TargetAttributes = {
					206CFFBD2C59951E004209C5 = {
						CreatedOnToolsVersion = 15.0.1;
					};
				};
			};
			buildConfigurationList = 206CFFB92C59951E004209C5 /* Build configuration list for PBXProject "MoneyTransferApp" */;
			compatibilityVersion = "Xcode 13.0";
			developmentRegion = en;
			hasScannedForEncodings = 0;
			knownRegions = (
				en,
				Base,
			);
			mainGroup = 206CFFB52C59951E004209C5;
			productRefGroup = 206CFFBF2C59951E004209C5 /* Products */;
			projectDirPath = "";
			projectRoot = "";
			targets = (
				206CFFBD2C59951E004209C5 /* MoneyTransferApp */,
			);
		};
/* End PBXProject section */

/* Begin PBXResourcesBuildPhase section */
		206CFFBC2C59951E004209C5 /* Resources */ = {
			isa = PBXResourcesBuildPhase;
			buildActionMask = 2147483647;
			files = (
				206CFFCE2C599520004209C5 /* LaunchScreen.storyboard in Resources */,
				206CFFCB2C599520004209C5 /* Assets.xcassets in Resources */,
				206CFFC92C59951E004209C5 /* Main.storyboard in Resources */,
			);
			runOnlyForDeploymentPostprocessing = 0;
		};
/* End PBXResourcesBuildPhase section */

/* Begin PBXShellScriptBuildPhase section */
		67CD0582A1020DF511F0F542 /* [CP] Check Pods Manifest.lock */ = {
			isa = PBXShellScriptBuildPhase;
			buildActionMask = 2147483647;
			files = (
			);
			inputFileListPaths = (
			);
			inputPaths = (
				"${PODS_PODFILE_DIR_PATH}/Podfile.lock",
				"${PODS_ROOT}/Manifest.lock",
			);
			name = "[CP] Check Pods Manifest.lock";
			outputFileListPaths = (
			);
			outputPaths = (
				"$(DERIVED_FILE_DIR)/Pods-MoneyTransferApp-checkManifestLockResult.txt",
			);
			runOnlyForDeploymentPostprocessing = 0;
			shellPath = /bin/sh;
			shellScript = "diff \"${PODS_PODFILE_DIR_PATH}/Podfile.lock\" \"${PODS_ROOT}/Manifest.lock\" > /dev/null\nif [ $? != 0 ] ; then\n    # print error to STDERR\n    echo \"error: The sandbox is not in sync with the Podfile.lock. Run 'pod install' or update your CocoaPods installation.\" >&2\n    exit 1\nfi\n# This output is used by Xcode 'outputs' to avoid re-running this script phase.\necho \"SUCCESS\" > \"${SCRIPT_OUTPUT_FILE_0}\"\n";
			showEnvVarsInLog = 0;
		};
		FDB36E7450B6390497150154 /* [CP] Embed Pods Frameworks */ = {
			isa = PBXShellScriptBuildPhase;
			buildActionMask = 2147483647;
			files = (
			);
			inputFileListPaths = (
				"${PODS_ROOT}/Target Support Files/Pods-MoneyTransferApp/Pods-MoneyTransferApp-frameworks-${CONFIGURATION}-input-files.xcfilelist",
			);
			name = "[CP] Embed Pods Frameworks";
			outputFileListPaths = (
				"${PODS_ROOT}/Target Support Files/Pods-MoneyTransferApp/Pods-MoneyTransferApp-frameworks-${CONFIGURATION}-output-files.xcfilelist",
			);
			runOnlyForDeploymentPostprocessing = 0;
			shellPath = /bin/sh;
			shellScript = "\"${PODS_ROOT}/Target Support Files/Pods-MoneyTransferApp/Pods-MoneyTransferApp-frameworks.sh\"\n";
			showEnvVarsInLog = 0;
		};
/* End PBXShellScriptBuildPhase section */

/* Begin PBXSourcesBuildPhase section */
		206CFFBA2C59951E004209C5 /* Sources */ = {
			isa = PBXSourcesBuildPhase;
			buildActionMask = 2147483647;
			files = (
				7C66FC632C5BA0E300A70937 /* UIViewController+Alert.swift in Sources */,
				206CFFDE2C5995E4004209C5 /* User.swift in Sources */,
				206CFFC62C59951E004209C5 /* ViewController.swift in Sources */,
				200EFAD42C59B0AB00DD7EC9 /* Transaction.swift in Sources */,
				200EFACA2C59A22A00DD7EC9 /* RegisterViewController.swift in Sources */,
				207AC2B02C5A83D300E4919C /* CompleteRegister.swift in Sources */,
				2066741A2C5C0C5B0070C5DD /* Borderders.swift in Sources */,
				200EFACC2C59A6BB00DD7EC9 /* LoginViewController.swift in Sources */,
				7C66FC5E2C5B9C1D00A70937 /* Constants.swift in Sources */,
				204643942C5C2A3B00204DE6 /* FavoritesViewController.swift in Sources */,
				200EFACE2C59AC8200DD7EC9 /* HomeViewController.swift in Sources */,
				206CFFC22C59951E004209C5 /* AppDelegate.swift in Sources */,
				206674182C5C0AC80070C5DD /* transferViewController.swift in Sources */,
				204643922C5C2A1F00204DE6 /* FavoriteTableViewCell.swift in Sources */,
				7C66FC612C5BA07D00A70937 /* String+trimm.swift in Sources */,
				207E48612C5AC12C005932CD /* OptionsViewController.swift in Sources */,
				207E485F2C5AC0FA005932CD /* OptionTableViewCell.swift in Sources */,
				206CFFC42C59951E004209C5 /* SceneDelegate.swift in Sources */,
			);
			runOnlyForDeploymentPostprocessing = 0;
		};
/* End PBXSourcesBuildPhase section */

/* Begin PBXVariantGroup section */
		206CFFC72C59951E004209C5 /* Main.storyboard */ = {
			isa = PBXVariantGroup;
			children = (
				206CFFC82C59951E004209C5 /* Base */,
			);
			name = Main.storyboard;
			sourceTree = "<group>";
		};
		206CFFCC2C599520004209C5 /* LaunchScreen.storyboard */ = {
			isa = PBXVariantGroup;
			children = (
				206CFFCD2C599520004209C5 /* Base */,
			);
			name = LaunchScreen.storyboard;
			sourceTree = "<group>";
		};
/* End PBXVariantGroup section */

/* Begin XCBuildConfiguration section */
		206CFFD02C599520004209C5 /* Debug */ = {
			isa = XCBuildConfiguration;
			buildSettings = {
				ALWAYS_SEARCH_USER_PATHS = NO;
				ASSETCATALOG_COMPILER_GENERATE_SWIFT_ASSET_SYMBOL_EXTENSIONS = YES;
				CLANG_ANALYZER_NONNULL = YES;
				CLANG_ANALYZER_NUMBER_OBJECT_CONVERSION = YES_AGGRESSIVE;
				CLANG_CXX_LANGUAGE_STANDARD = "gnu++20";
				CLANG_ENABLE_MODULES = YES;
				CLANG_ENABLE_OBJC_ARC = YES;
				CLANG_ENABLE_OBJC_WEAK = YES;
				CLANG_WARN_BLOCK_CAPTURE_AUTORELEASING = YES;
				CLANG_WARN_BOOL_CONVERSION = YES;
				CLANG_WARN_COMMA = YES;
				CLANG_WARN_CONSTANT_CONVERSION = YES;
				CLANG_WARN_DEPRECATED_OBJC_IMPLEMENTATIONS = YES;
				CLANG_WARN_DIRECT_OBJC_ISA_USAGE = YES_ERROR;
				CLANG_WARN_DOCUMENTATION_COMMENTS = YES;
				CLANG_WARN_EMPTY_BODY = YES;
				CLANG_WARN_ENUM_CONVERSION = YES;
				CLANG_WARN_INFINITE_RECURSION = YES;
				CLANG_WARN_INT_CONVERSION = YES;
				CLANG_WARN_NON_LITERAL_NULL_CONVERSION = YES;
				CLANG_WARN_OBJC_IMPLICIT_RETAIN_SELF = YES;
				CLANG_WARN_OBJC_LITERAL_CONVERSION = YES;
				CLANG_WARN_OBJC_ROOT_CLASS = YES_ERROR;
				CLANG_WARN_QUOTED_INCLUDE_IN_FRAMEWORK_HEADER = YES;
				CLANG_WARN_RANGE_LOOP_ANALYSIS = YES;
				CLANG_WARN_STRICT_PROTOTYPES = YES;
				CLANG_WARN_SUSPICIOUS_MOVE = YES;
				CLANG_WARN_UNGUARDED_AVAILABILITY = YES_AGGRESSIVE;
				CLANG_WARN_UNREACHABLE_CODE = YES;
				CLANG_WARN__DUPLICATE_METHOD_MATCH = YES;
				COPY_PHASE_STRIP = NO;
				DEBUG_INFORMATION_FORMAT = dwarf;
				ENABLE_STRICT_OBJC_MSGSEND = YES;
				ENABLE_TESTABILITY = YES;
				ENABLE_USER_SCRIPT_SANDBOXING = YES;
				GCC_C_LANGUAGE_STANDARD = gnu17;
				GCC_DYNAMIC_NO_PIC = NO;
				GCC_NO_COMMON_BLOCKS = YES;
				GCC_OPTIMIZATION_LEVEL = 0;
				GCC_PREPROCESSOR_DEFINITIONS = (
					"DEBUG=1",
					"$(inherited)",
				);
				GCC_WARN_64_TO_32_BIT_CONVERSION = YES;
				GCC_WARN_ABOUT_RETURN_TYPE = YES_ERROR;
				GCC_WARN_UNDECLARED_SELECTOR = YES;
				GCC_WARN_UNINITIALIZED_AUTOS = YES_AGGRESSIVE;
				GCC_WARN_UNUSED_FUNCTION = YES;
				GCC_WARN_UNUSED_VARIABLE = YES;
				IPHONEOS_DEPLOYMENT_TARGET = 15.3;
				LOCALIZATION_PREFERS_STRING_CATALOGS = YES;
				MTL_ENABLE_DEBUG_INFO = INCLUDE_SOURCE;
				MTL_FAST_MATH = YES;
				ONLY_ACTIVE_ARCH = YES;
				SDKROOT = iphoneos;
				SWIFT_ACTIVE_COMPILATION_CONDITIONS = "DEBUG $(inherited)";
				SWIFT_OPTIMIZATION_LEVEL = "-Onone";
			};
			name = Debug;
		};
		206CFFD12C599520004209C5 /* Release */ = {
			isa = XCBuildConfiguration;
			buildSettings = {
				ALWAYS_SEARCH_USER_PATHS = NO;
				ASSETCATALOG_COMPILER_GENERATE_SWIFT_ASSET_SYMBOL_EXTENSIONS = YES;
				CLANG_ANALYZER_NONNULL = YES;
				CLANG_ANALYZER_NUMBER_OBJECT_CONVERSION = YES_AGGRESSIVE;
				CLANG_CXX_LANGUAGE_STANDARD = "gnu++20";
				CLANG_ENABLE_MODULES = YES;
				CLANG_ENABLE_OBJC_ARC = YES;
				CLANG_ENABLE_OBJC_WEAK = YES;
				CLANG_WARN_BLOCK_CAPTURE_AUTORELEASING = YES;
				CLANG_WARN_BOOL_CONVERSION = YES;
				CLANG_WARN_COMMA = YES;
				CLANG_WARN_CONSTANT_CONVERSION = YES;
				CLANG_WARN_DEPRECATED_OBJC_IMPLEMENTATIONS = YES;
				CLANG_WARN_DIRECT_OBJC_ISA_USAGE = YES_ERROR;
				CLANG_WARN_DOCUMENTATION_COMMENTS = YES;
				CLANG_WARN_EMPTY_BODY = YES;
				CLANG_WARN_ENUM_CONVERSION = YES;
				CLANG_WARN_INFINITE_RECURSION = YES;
				CLANG_WARN_INT_CONVERSION = YES;
				CLANG_WARN_NON_LITERAL_NULL_CONVERSION = YES;
				CLANG_WARN_OBJC_IMPLICIT_RETAIN_SELF = YES;
				CLANG_WARN_OBJC_LITERAL_CONVERSION = YES;
				CLANG_WARN_OBJC_ROOT_CLASS = YES_ERROR;
				CLANG_WARN_QUOTED_INCLUDE_IN_FRAMEWORK_HEADER = YES;
				CLANG_WARN_RANGE_LOOP_ANALYSIS = YES;
				CLANG_WARN_STRICT_PROTOTYPES = YES;
				CLANG_WARN_SUSPICIOUS_MOVE = YES;
				CLANG_WARN_UNGUARDED_AVAILABILITY = YES_AGGRESSIVE;
				CLANG_WARN_UNREACHABLE_CODE = YES;
				CLANG_WARN__DUPLICATE_METHOD_MATCH = YES;
				COPY_PHASE_STRIP = NO;
				DEBUG_INFORMATION_FORMAT = "dwarf-with-dsym";
				ENABLE_NS_ASSERTIONS = NO;
				ENABLE_STRICT_OBJC_MSGSEND = YES;
				ENABLE_USER_SCRIPT_SANDBOXING = YES;
				GCC_C_LANGUAGE_STANDARD = gnu17;
				GCC_NO_COMMON_BLOCKS = YES;
				GCC_WARN_64_TO_32_BIT_CONVERSION = YES;
				GCC_WARN_ABOUT_RETURN_TYPE = YES_ERROR;
				GCC_WARN_UNDECLARED_SELECTOR = YES;
				GCC_WARN_UNINITIALIZED_AUTOS = YES_AGGRESSIVE;
				GCC_WARN_UNUSED_FUNCTION = YES;
				GCC_WARN_UNUSED_VARIABLE = YES;
				IPHONEOS_DEPLOYMENT_TARGET = 15.3;
				LOCALIZATION_PREFERS_STRING_CATALOGS = YES;
				MTL_ENABLE_DEBUG_INFO = NO;
				MTL_FAST_MATH = YES;
				SDKROOT = iphoneos;
				SWIFT_COMPILATION_MODE = wholemodule;
				VALIDATE_PRODUCT = YES;
			};
			name = Release;
		};
		206CFFD32C599520004209C5 /* Debug */ = {
			isa = XCBuildConfiguration;
			baseConfigurationReference = 59DB13095C9A39EB645811DD /* Pods-MoneyTransferApp.debug.xcconfig */;
			buildSettings = {
				ASSETCATALOG_COMPILER_APPICON_NAME = AppIcon;
				ASSETCATALOG_COMPILER_GLOBAL_ACCENT_COLOR_NAME = AccentColor;
				CODE_SIGN_STYLE = Automatic;
				CURRENT_PROJECT_VERSION = 1;
				ENABLE_USER_SCRIPT_SANDBOXING = NO;
				GENERATE_INFOPLIST_FILE = YES;
				INFOPLIST_FILE = MoneyTransferApp/Info.plist;
				INFOPLIST_KEY_UIApplicationSupportsIndirectInputEvents = YES;
				INFOPLIST_KEY_UILaunchStoryboardName = LaunchScreen;
				INFOPLIST_KEY_UIMainStoryboardFile = Main;
				INFOPLIST_KEY_UISupportedInterfaceOrientations_iPad = "UIInterfaceOrientationPortrait UIInterfaceOrientationPortraitUpsideDown UIInterfaceOrientationLandscapeLeft UIInterfaceOrientationLandscapeRight";
				INFOPLIST_KEY_UISupportedInterfaceOrientations_iPhone = "UIInterfaceOrientationPortrait UIInterfaceOrientationLandscapeLeft UIInterfaceOrientationLandscapeRight";
				LD_RUNPATH_SEARCH_PATHS = (
					"$(inherited)",
					"@executable_path/Frameworks",
				);
				MARKETING_VERSION = 1.0;
				PRODUCT_BUNDLE_IDENTIFIER = com.banqueMisr.MoneyTransferApp;
				PRODUCT_NAME = "$(TARGET_NAME)";
				SWIFT_EMIT_LOC_STRINGS = YES;
				SWIFT_VERSION = 5.0;
				TARGETED_DEVICE_FAMILY = "1,2";
			};
			name = Debug;
		};
		206CFFD42C599520004209C5 /* Release */ = {
			isa = XCBuildConfiguration;
			baseConfigurationReference = EAD3C1595026F15403159707 /* Pods-MoneyTransferApp.release.xcconfig */;
			buildSettings = {
				ASSETCATALOG_COMPILER_APPICON_NAME = AppIcon;
				ASSETCATALOG_COMPILER_GLOBAL_ACCENT_COLOR_NAME = AccentColor;
				CODE_SIGN_STYLE = Automatic;
				CURRENT_PROJECT_VERSION = 1;
				ENABLE_USER_SCRIPT_SANDBOXING = NO;
				GENERATE_INFOPLIST_FILE = YES;
				INFOPLIST_FILE = MoneyTransferApp/Info.plist;
				INFOPLIST_KEY_UIApplicationSupportsIndirectInputEvents = YES;
				INFOPLIST_KEY_UILaunchStoryboardName = LaunchScreen;
				INFOPLIST_KEY_UIMainStoryboardFile = Main;
				INFOPLIST_KEY_UISupportedInterfaceOrientations_iPad = "UIInterfaceOrientationPortrait UIInterfaceOrientationPortraitUpsideDown UIInterfaceOrientationLandscapeLeft UIInterfaceOrientationLandscapeRight";
				INFOPLIST_KEY_UISupportedInterfaceOrientations_iPhone = "UIInterfaceOrientationPortrait UIInterfaceOrientationLandscapeLeft UIInterfaceOrientationLandscapeRight";
				LD_RUNPATH_SEARCH_PATHS = (
					"$(inherited)",
					"@executable_path/Frameworks",
				);
				MARKETING_VERSION = 1.0;
				PRODUCT_BUNDLE_IDENTIFIER = com.banqueMisr.MoneyTransferApp;
				PRODUCT_NAME = "$(TARGET_NAME)";
				SWIFT_EMIT_LOC_STRINGS = YES;
				SWIFT_VERSION = 5.0;
				TARGETED_DEVICE_FAMILY = "1,2";
			};
			name = Release;
		};
/* End XCBuildConfiguration section */

/* Begin XCConfigurationList section */
		206CFFB92C59951E004209C5 /* Build configuration list for PBXProject "MoneyTransferApp" */ = {
			isa = XCConfigurationList;
			buildConfigurations = (
				206CFFD02C599520004209C5 /* Debug */,
				206CFFD12C599520004209C5 /* Release */,
			);
			defaultConfigurationIsVisible = 0;
			defaultConfigurationName = Release;
		};
		206CFFD22C599520004209C5 /* Build configuration list for PBXNativeTarget "MoneyTransferApp" */ = {
			isa = XCConfigurationList;
			buildConfigurations = (
				206CFFD32C599520004209C5 /* Debug */,
				206CFFD42C599520004209C5 /* Release */,
			);
			defaultConfigurationIsVisible = 0;
			defaultConfigurationName = Release;
		};
/* End XCConfigurationList section */
	};
	rootObject = 206CFFB62C59951E004209C5 /* Project object */;
}
